<Solution>
  <Project Path="AiCrawler.Agent/AiCrawler.Agent.csproj" />
  <Project Path="AiCrawler.Api/AiCrawler.Api.csproj" />
  <Project Path="AiCrawler.Core/AiCrawler.Core.csproj" />
  <Project Path="AiCrawler.Scraper/AiCrawler.Scraper.csproj" />
  <Project Path="AiCrawler.Tools/AiCrawler.Tools.csproj" />
  <Project Path="AiCrawler.Infrastructure/AiCrawler.Infrastructure.csproj" />
</Solution>
